
Microsoft Visual Studio Solution File, Format Version 12.00
# Visual Studio Version 16
VisualStudioVersion = 16.0.31515.178
MinimumVisualStudioVersion = 10.0.40219.1
Project("{888888A0-9F3D-457C-B088-3A5042F75D52}") = "IterationAndRecursion", "IterationAndRecursion.pyproj", "{7451E9E9-7D3F-439F-9F60-104B9B8CD0D1}"
EndProject
Global
	GlobalSection(SolutionConfigurationPlatforms) = preSolution
		Debug|Any CPU = Debug|Any CPU
		Release|Any CPU = Release|Any CPU
	EndGlobalSection
	GlobalSection(ProjectConfigurationPlatforms) = postSolution
		{7451E9E9-7D3F-439F-9F60-104B9B8CD0D1}.Debug|Any CPU.ActiveCfg = Debug|Any CPU
		{7451E9E9-7D3F-439F-9F60-104B9B8CD0D1}.Release|Any CPU.ActiveCfg = Release|Any CPU
	EndGlobalSection
	GlobalSection(SolutionProperties) = preSolution
		HideSolutionNode = FALSE
	EndGlobalSection
	GlobalSection(ExtensibilityGlobals) = postSolution
		SolutionGuid = {B9F37689-56F0-4CAB-96D1-6BD3AAB14336}
	EndGlobalSection
EndGlobal
